# This file is automatically @generated by Cargo.
# It is not intended for manual editing.
version = 3

[[package]]
name = "gumdrop"
version = "0.8.1"
source = "registry+https://github.com/rust-lang/crates.io-index"
checksum = "5bc700f989d2f6f0248546222d9b4258f5b02a171a431f8285a81c08142629e3"
dependencies = [
 "gumdrop_derive",
]

[[package]]
name = "gumdrop_derive"
version = "0.8.1"
source = "registry+https://github.com/rust-lang/crates.io-index"
checksum = "729f9bd3449d77e7831a18abfb7ba2f99ee813dfd15b8c2167c9a54ba20aa99d"
dependencies = [
 "proc-macro2",
 "quote",
 "syn",
]

[[package]]
name = "ldd_md_parse"
version = "0.1.0"
dependencies = [
 "gumdrop",
 "markdown",
]

[[package]]
name = "markdown"
version = "1.0.0-alpha.21"
source = "registry+https://github.com/rust-lang/crates.io-index"
checksum = "a6491e6c702bf7e3b24e769d800746d5f2c06a6c6a2db7992612e0f429029e81"
dependencies = [
 "unicode-id",
]

[[package]]
name = "proc-macro2"
version = "1.0.92"
source = "registry+https://github.com/rust-lang/crates.io-index"
checksum = "37d3544b3f2748c54e147655edb5025752e2303145b5aefb3c3ea2c78b973bb0"
dependencies = [
 "unicode-ident",
]

[[package]]
name = "quote"
version = "1.0.37"
source = "registry+https://github.com/rust-lang/crates.io-index"
checksum = "b5b9d34b8991d19d98081b46eacdd8eb58c6f2b201139f7c5f643cc155a633af"
dependencies = [
 "proc-macro2",
]

[[package]]
name = "syn"
version = "1.0.109"
source = "registry+https://github.com/rust-lang/crates.io-index"
checksum = "72b64191b275b66ffe2469e8af2c1cfe3bafa67b529ead792a6d0160888b4237"
dependencies = [
 "proc-macro2",
 "quote",
 "unicode-ident",
]

[[package]]
name = "unicode-id"
version = "0.3.5"
source = "registry+https://github.com/rust-lang/crates.io-index"
checksum = "10103c57044730945224467c09f71a4db0071c123a0648cc3e818913bde6b561"

[[package]]
name = "unicode-ident"
version = "1.0.14"
source = "registry+https://github.com/rust-lang/crates.io-index"
checksum = "adb9e6ca4f869e1180728b7950e35922a7fc6397f7b641499e8f3ef06e50dc83"
